
Microsoft Visual Studio Solution File, Format Version 12.00
# Visual Studio Version 17
VisualStudioVersion = 17.9.34728.123
MinimumVisualStudioVersion = 10.0.40219.1
Project("{FAE04EC0-301F-11D3-BF4B-00C04F79EFBC}") = "JokeWebApp", "JokeWebApp.csproj", "{D63D7995-7FB8-40F2-89E2-20371C6C97A4}"
EndProject
Global
	GlobalSection(SolutionConfigurationPlatforms) = preSolution
		Debug|Any CPU = Debug|Any CPU
		Release|Any CPU = Release|Any CPU
	EndGlobalSection
	GlobalSection(ProjectConfigurationPlatforms) = postSolution
		{D63D7995-7FB8-40F2-89E2-20371C6C97A4}.Debug|Any CPU.ActiveCfg = Debug|Any CPU
		{D63D7995-7FB8-40F2-89E2-20371C6C97A4}.Debug|Any CPU.Build.0 = Debug|Any CPU
		{D63D7995-7FB8-40F2-89E2-20371C6C97A4}.Release|Any CPU.ActiveCfg = Release|Any CPU
		{D63D7995-7FB8-40F2-89E2-20371C6C97A4}.Release|Any CPU.Build.0 = Release|Any CPU
	EndGlobalSection
	GlobalSection(SolutionProperties) = preSolution
		HideSolutionNode = FALSE
	EndGlobalSection
	GlobalSection(ExtensibilityGlobals) = postSolution
		SolutionGuid = {E7E95E2C-9588-45CD-9B47-08A5FF20E4AA}
	EndGlobalSection
EndGlobal
